// !$*UTF8*$!
{
	archiveVersion = 1;
	classes = {
	};
	objectVersion = 46;
	objects = {

/* Begin PBXBuildFile section */
		FA06D7FE1BADCD0C00754846 /* SettingsWindowController.swift in Sources */ = {isa = PBXBuildFile; fileRef = FA06D7FC1BADCD0C00754846 /* SettingsWindowController.swift */; };
		FA06D7FF1BADCD0C00754846 /* SettingsWindow.xib in Resources */ = {isa = PBXBuildFile; fileRef = FA06D7FD1BADCD0C00754846 /* SettingsWindow.xib */; };
		FA19FC571BC08A2400A9220A /* PopoverEntryViewController.swift in Sources */ = {isa = PBXBuildFile; fileRef = FA19FC551BC08A2400A9220A /* PopoverEntryViewController.swift */; };
		FA19FC581BC08A2400A9220A /* PopoverEntryView.xib in Resources */ = {isa = PBXBuildFile; fileRef = FA19FC561BC08A2400A9220A /* PopoverEntryView.xib */; };
		FA49EC3D1B8F1FF10097AE8B /* AppDelegate.swift in Sources */ = {isa = PBXBuildFile; fileRef = FA49EC3C1B8F1FF10097AE8B /* AppDelegate.swift */; };
		FA49EC3F1B8F1FF10097AE8B /* Assets.xcassets in Resources */ = {isa = PBXBuildFile; fileRef = FA49EC3E1B8F1FF10097AE8B /* Assets.xcassets */; };
		FA49EC421B8F1FF10097AE8B /* MainMenu.xib in Resources */ = {isa = PBXBuildFile; fileRef = FA49EC401B8F1FF10097AE8B /* MainMenu.xib */; };
		FA49EC4D1B8F1FF10097AE8B /* Weight_TrackerTests.swift in Sources */ = {isa = PBXBuildFile; fileRef = FA49EC4C1B8F1FF10097AE8B /* Weight_TrackerTests.swift */; };
		FA49EC581B8F1FF10097AE8B /* Weight_TrackerUITests.swift in Sources */ = {isa = PBXBuildFile; fileRef = FA49EC571B8F1FF10097AE8B /* Weight_TrackerUITests.swift */; };
		FA49ECBA1B8F62020097AE8B /* NewUserWindowController.swift in Sources */ = {isa = PBXBuildFile; fileRef = FA49ECB81B8F62020097AE8B /* NewUserWindowController.swift */; };
		FA49ECBB1B8F62020097AE8B /* NewUserWindow.xib in Resources */ = {isa = PBXBuildFile; fileRef = FA49ECB91B8F62020097AE8B /* NewUserWindow.xib */; };
		FA49ECBE1B8F73E80097AE8B /* MainWindowController.swift in Sources */ = {isa = PBXBuildFile; fileRef = FA49ECBC1B8F73E80097AE8B /* MainWindowController.swift */; };
		FA49ECBF1B8F73E80097AE8B /* MainWindow.xib in Resources */ = {isa = PBXBuildFile; fileRef = FA49ECBD1B8F73E80097AE8B /* MainWindow.xib */; };
		FA4FBEC21C18412E006BB348 /* MainWindowController.swift in Sources */ = {isa = PBXBuildFile; fileRef = FA49ECBC1B8F73E80097AE8B /* MainWindowController.swift */; };
		FA55B2071B9796A5006C4B0A /* InitialWindowController.swift in Sources */ = {isa = PBXBuildFile; fileRef = FA55B2051B9796A5006C4B0A /* InitialWindowController.swift */; };
		FA6AC6391C19AD8A0003DC8D /* GraphDataSource.swift in Sources */ = {isa = PBXBuildFile; fileRef = FA6AC6381C19AD8A0003DC8D /* GraphDataSource.swift */; };
		FA6AC63A1C19AD8A0003DC8D /* GraphDataSource.swift in Sources */ = {isa = PBXBuildFile; fileRef = FA6AC6381C19AD8A0003DC8D /* GraphDataSource.swift */; };
		FAAB27EB1C1834F6003898B8 /* CorePlot.framework in Frameworks */ = {isa = PBXBuildFile; fileRef = FAF03EFD1C182EA700D81656 /* CorePlot.framework */; };
		FAAB72D01BE8D16E001F5978 /* StatisticalAnalysis.swift in Sources */ = {isa = PBXBuildFile; fileRef = FAAB72CF1BE8D16E001F5978 /* StatisticalAnalysis.swift */; };
		FABBA4231B979AAE00206DCD /* InitialWindow.xib in Resources */ = {isa = PBXBuildFile; fileRef = FABBA4211B979AAE00206DCD /* InitialWindow.xib */; };
		FAC731051C0230ED008E1BC8 /* AppDelegate.swift in Sources */ = {isa = PBXBuildFile; fileRef = FA49EC3C1B8F1FF10097AE8B /* AppDelegate.swift */; };
		FAC731061C0230F5008E1BC8 /* InitialWindowController.swift in Sources */ = {isa = PBXBuildFile; fileRef = FA55B2051B9796A5006C4B0A /* InitialWindowController.swift */; };
		FAC731071C0230F7008E1BC8 /* NewUserWindowController.swift in Sources */ = {isa = PBXBuildFile; fileRef = FA49ECB81B8F62020097AE8B /* NewUserWindowController.swift */; };
		FAC731091C023102008E1BC8 /* PopoverEntryViewController.swift in Sources */ = {isa = PBXBuildFile; fileRef = FA19FC551BC08A2400A9220A /* PopoverEntryViewController.swift */; };
		FAC7310A1C023105008E1BC8 /* SettingsWindowController.swift in Sources */ = {isa = PBXBuildFile; fileRef = FA06D7FC1BADCD0C00754846 /* SettingsWindowController.swift */; };
		FAC7310B1C023106008E1BC8 /* StatisticalAnalysis.swift in Sources */ = {isa = PBXBuildFile; fileRef = FAAB72CF1BE8D16E001F5978 /* StatisticalAnalysis.swift */; };
		FAF03F0E1C182EC800D81656 /* QuartzCore.framework in Frameworks */ = {isa = PBXBuildFile; fileRef = FAF03F0D1C182EC800D81656 /* QuartzCore.framework */; };
/* End PBXBuildFile section */

/* Begin PBXContainerItemProxy section */
		FA49EC491B8F1FF10097AE8B /* PBXContainerItemProxy */ = {
			isa = PBXContainerItemProxy;
			containerPortal = FA49EC311B8F1FF10097AE8B /* Project object */;
			proxyType = 1;
			remoteGlobalIDString = FA49EC381B8F1FF10097AE8B;
			remoteInfo = "Weight Tracker";
		};
		FA49EC541B8F1FF10097AE8B /* PBXContainerItemProxy */ = {
			isa = PBXContainerItemProxy;
			containerPortal = FA49EC311B8F1FF10097AE8B /* Project object */;
			proxyType = 1;
			remoteGlobalIDString = FA49EC381B8F1FF10097AE8B;
			remoteInfo = "Weight Tracker";
		};
		FAF03EFC1C182EA700D81656 /* PBXContainerItemProxy */ = {
			isa = PBXContainerItemProxy;
			containerPortal = FAF03EEF1C182EA700D81656 /* CorePlot.xcodeproj */;
			proxyType = 2;
			remoteGlobalIDString = 8DC2EF5B0486A6940098B216;
			remoteInfo = "CorePlot Mac";
		};
		FAF03EFE1C182EA700D81656 /* PBXContainerItemProxy */ = {
			isa = PBXContainerItemProxy;
			containerPortal = FAF03EEF1C182EA700D81656 /* CorePlot.xcodeproj */;
			proxyType = 2;
			remoteGlobalIDString = 0730F600109492D800E95162;
			remoteInfo = "UnitTests Mac";
		};
		FAF03F001C182EA700D81656 /* PBXContainerItemProxy */ = {
			isa = PBXContainerItemProxy;
			containerPortal = FAF03EEF1C182EA700D81656 /* CorePlot.xcodeproj */;
			proxyType = 2;
			remoteGlobalIDString = C38A09781A46185200D45436;
			remoteInfo = "CorePlot iOS";
		};
		FAF03F021C182EA700D81656 /* PBXContainerItemProxy */ = {
			isa = PBXContainerItemProxy;
			containerPortal = FAF03EEF1C182EA700D81656 /* CorePlot.xcodeproj */;
			proxyType = 2;
			remoteGlobalIDString = C38A09821A46185300D45436;
			remoteInfo = "UnitTests iOS";
		};
		FAF03F041C182EA700D81656 /* PBXContainerItemProxy */ = {
			isa = PBXContainerItemProxy;
			containerPortal = FAF03EEF1C182EA700D81656 /* CorePlot.xcodeproj */;
			proxyType = 2;
			remoteGlobalIDString = C38A09BA1A4619A900D45436;
			remoteInfo = "CorePlot-CocoaTouch";
		};
		FAF03F061C182EA700D81656 /* PBXContainerItemProxy */ = {
			isa = PBXContainerItemProxy;
			containerPortal = FAF03EEF1C182EA700D81656 /* CorePlot.xcodeproj */;
			proxyType = 2;
			remoteGlobalIDString = C38A09C41A4619A900D45436;
			remoteInfo = "CorePlot-CocoaTouchTests";
		};
		FAF03F0A1C182EB400D81656 /* PBXContainerItemProxy */ = {
			isa = PBXContainerItemProxy;
			containerPortal = FAF03EEF1C182EA700D81656 /* CorePlot.xcodeproj */;
			proxyType = 1;
			remoteGlobalIDString = 8DC2EF4F0486A6940098B216;
			remoteInfo = "CorePlot Mac";
		};
/* End PBXContainerItemProxy section */

/* Begin PBXFileReference section */
		FA06D7FC1BADCD0C00754846 /* SettingsWindowController.swift */ = {isa = PBXFileReference; fileEncoding = 4; lastKnownFileType = sourcecode.swift; path = SettingsWindowController.swift; sourceTree = "<group>"; };
		FA06D7FD1BADCD0C00754846 /* SettingsWindow.xib */ = {isa = PBXFileReference; fileEncoding = 4; lastKnownFileType = file.xib; path = SettingsWindow.xib; sourceTree = "<group>"; };
		FA19FC551BC08A2400A9220A /* PopoverEntryViewController.swift */ = {isa = PBXFileReference; fileEncoding = 4; lastKnownFileType = sourcecode.swift; path = PopoverEntryViewController.swift; sourceTree = "<group>"; };
		FA19FC561BC08A2400A9220A /* PopoverEntryView.xib */ = {isa = PBXFileReference; fileEncoding = 4; lastKnownFileType = file.xib; path = PopoverEntryView.xib; sourceTree = "<group>"; };
		FA49EC391B8F1FF10097AE8B /* Weight Tracker.app */ = {isa = PBXFileReference; explicitFileType = wrapper.application; includeInIndex = 0; path = "Weight Tracker.app"; sourceTree = BUILT_PRODUCTS_DIR; };
		FA49EC3C1B8F1FF10097AE8B /* AppDelegate.swift */ = {isa = PBXFileReference; lastKnownFileType = sourcecode.swift; path = AppDelegate.swift; sourceTree = "<group>"; };
		FA49EC3E1B8F1FF10097AE8B /* Assets.xcassets */ = {isa = PBXFileReference; lastKnownFileType = folder.assetcatalog; path = Assets.xcassets; sourceTree = "<group>"; };
		FA49EC411B8F1FF10097AE8B /* Base */ = {isa = PBXFileReference; lastKnownFileType = file.xib; name = Base; path = Base.lproj/MainMenu.xib; sourceTree = "<group>"; };
		FA49EC431B8F1FF10097AE8B /* Info.plist */ = {isa = PBXFileReference; lastKnownFileType = text.plist.xml; path = Info.plist; sourceTree = "<group>"; };
		FA49EC481B8F1FF10097AE8B /* Weight TrackerTests.xctest */ = {isa = PBXFileReference; explicitFileType = wrapper.cfbundle; includeInIndex = 0; path = "Weight TrackerTests.xctest"; sourceTree = BUILT_PRODUCTS_DIR; };
		FA49EC4C1B8F1FF10097AE8B /* Weight_TrackerTests.swift */ = {isa = PBXFileReference; lastKnownFileType = sourcecode.swift; path = Weight_TrackerTests.swift; sourceTree = "<group>"; };
		FA49EC4E1B8F1FF10097AE8B /* Info.plist */ = {isa = PBXFileReference; lastKnownFileType = text.plist.xml; path = Info.plist; sourceTree = "<group>"; };
		FA49EC531B8F1FF10097AE8B /* Weight TrackerUITests.xctest */ = {isa = PBXFileReference; explicitFileType = wrapper.cfbundle; includeInIndex = 0; path = "Weight TrackerUITests.xctest"; sourceTree = BUILT_PRODUCTS_DIR; };
		FA49EC571B8F1FF10097AE8B /* Weight_TrackerUITests.swift */ = {isa = PBXFileReference; lastKnownFileType = sourcecode.swift; path = Weight_TrackerUITests.swift; sourceTree = "<group>"; };
		FA49EC591B8F1FF10097AE8B /* Info.plist */ = {isa = PBXFileReference; lastKnownFileType = text.plist.xml; path = Info.plist; sourceTree = "<group>"; };
		FA49ECB81B8F62020097AE8B /* NewUserWindowController.swift */ = {isa = PBXFileReference; fileEncoding = 4; lastKnownFileType = sourcecode.swift; path = NewUserWindowController.swift; sourceTree = "<group>"; };
		FA49ECB91B8F62020097AE8B /* NewUserWindow.xib */ = {isa = PBXFileReference; fileEncoding = 4; lastKnownFileType = file.xib; path = NewUserWindow.xib; sourceTree = "<group>"; };
		FA49ECBC1B8F73E80097AE8B /* MainWindowController.swift */ = {isa = PBXFileReference; fileEncoding = 4; lastKnownFileType = sourcecode.swift; path = MainWindowController.swift; sourceTree = "<group>"; };
		FA49ECBD1B8F73E80097AE8B /* MainWindow.xib */ = {isa = PBXFileReference; fileEncoding = 4; lastKnownFileType = file.xib; path = MainWindow.xib; sourceTree = "<group>"; };
		FA55B2051B9796A5006C4B0A /* InitialWindowController.swift */ = {isa = PBXFileReference; fileEncoding = 4; lastKnownFileType = sourcecode.swift; path = InitialWindowController.swift; sourceTree = "<group>"; };
		FA6AC6381C19AD8A0003DC8D /* GraphDataSource.swift */ = {isa = PBXFileReference; fileEncoding = 4; lastKnownFileType = sourcecode.swift; path = GraphDataSource.swift; sourceTree = "<group>"; };
		FAAB27E01C18328D003898B8 /* Weight_Tracker_Bridging_Header.h */ = {isa = PBXFileReference; lastKnownFileType = sourcecode.c.h; path = Weight_Tracker_Bridging_Header.h; sourceTree = "<group>"; };
		FAAB72CF1BE8D16E001F5978 /* StatisticalAnalysis.swift */ = {isa = PBXFileReference; fileEncoding = 4; lastKnownFileType = sourcecode.swift; path = StatisticalAnalysis.swift; sourceTree = "<group>"; };
		FABBA4211B979AAE00206DCD /* InitialWindow.xib */ = {isa = PBXFileReference; fileEncoding = 4; lastKnownFileType = file.xib; path = InitialWindow.xib; sourceTree = "<group>"; };
		FAF03EEF1C182EA700D81656 /* CorePlot.xcodeproj */ = {isa = PBXFileReference; lastKnownFileType = "wrapper.pb-project"; name = CorePlot.xcodeproj; path = "External Libraries/CorePlot_2.0r1/Source/framework/CorePlot.xcodeproj"; sourceTree = "<group>"; };
		FAF03F0D1C182EC800D81656 /* QuartzCore.framework */ = {isa = PBXFileReference; lastKnownFileType = wrapper.framework; name = QuartzCore.framework; path = System/Library/Frameworks/QuartzCore.framework; sourceTree = SDKROOT; };
/* End PBXFileReference section */

/* Begin PBXFrameworksBuildPhase section */
		FA49EC361B8F1FF10097AE8B /* Frameworks */ = {
			isa = PBXFrameworksBuildPhase;
			buildActionMask = 2147483647;
			files = (
				FAAB27EB1C1834F6003898B8 /* CorePlot.framework in Frameworks */,
				FAF03F0E1C182EC800D81656 /* QuartzCore.framework in Frameworks */,
			);
			runOnlyForDeploymentPostprocessing = 0;
		};
		FA49EC451B8F1FF10097AE8B /* Frameworks */ = {
			isa = PBXFrameworksBuildPhase;
			buildActionMask = 2147483647;
			files = (
			);
			runOnlyForDeploymentPostprocessing = 0;
		};
		FA49EC501B8F1FF10097AE8B /* Frameworks */ = {
			isa = PBXFrameworksBuildPhase;
			buildActionMask = 2147483647;
			files = (
			);
			runOnlyForDeploymentPostprocessing = 0;
		};
/* End PBXFrameworksBuildPhase section */

/* Begin PBXGroup section */
		FA49EC301B8F1FF10097AE8B = {
			isa = PBXGroup;
			children = (
				FAF03F0D1C182EC800D81656 /* QuartzCore.framework */,
				FA49EC3B1B8F1FF10097AE8B /* Weight Tracker */,
				FA49EC4B1B8F1FF10097AE8B /* Weight TrackerTests */,
				FA49EC561B8F1FF10097AE8B /* Weight TrackerUITests */,
				FA49EC3A1B8F1FF10097AE8B /* Products */,
				FAF03EEE1C182E9400D81656 /* External Libraries */,
			);
			sourceTree = "<group>";
		};
		FA49EC3A1B8F1FF10097AE8B /* Products */ = {
			isa = PBXGroup;
			children = (
				FA49EC391B8F1FF10097AE8B /* Weight Tracker.app */,
				FA49EC481B8F1FF10097AE8B /* Weight TrackerTests.xctest */,
				FA49EC531B8F1FF10097AE8B /* Weight TrackerUITests.xctest */,
			);
			name = Products;
			sourceTree = "<group>";
		};
		FA49EC3B1B8F1FF10097AE8B /* Weight Tracker */ = {
			isa = PBXGroup;
			children = (
				FA49EC3C1B8F1FF10097AE8B /* AppDelegate.swift */,
				FA55B2051B9796A5006C4B0A /* InitialWindowController.swift */,
				FA49ECB81B8F62020097AE8B /* NewUserWindowController.swift */,
				FA49ECBC1B8F73E80097AE8B /* MainWindowController.swift */,
				FA6AC6381C19AD8A0003DC8D /* GraphDataSource.swift */,
				FA19FC551BC08A2400A9220A /* PopoverEntryViewController.swift */,
				FA06D7FC1BADCD0C00754846 /* SettingsWindowController.swift */,
				FAAB72CF1BE8D16E001F5978 /* StatisticalAnalysis.swift */,
				FA49EC401B8F1FF10097AE8B /* MainMenu.xib */,
				FABBA4211B979AAE00206DCD /* InitialWindow.xib */,
				FA49ECB91B8F62020097AE8B /* NewUserWindow.xib */,
				FA49ECBD1B8F73E80097AE8B /* MainWindow.xib */,
				FA19FC561BC08A2400A9220A /* PopoverEntryView.xib */,
				FA06D7FD1BADCD0C00754846 /* SettingsWindow.xib */,
				FA49EC431B8F1FF10097AE8B /* Info.plist */,
				FAAB27E01C18328D003898B8 /* Weight_Tracker_Bridging_Header.h */,
				FA49EC3E1B8F1FF10097AE8B /* Assets.xcassets */,
			);
			path = "Weight Tracker";
			sourceTree = "<group>";
		};
		FA49EC4B1B8F1FF10097AE8B /* Weight TrackerTests */ = {
			isa = PBXGroup;
			children = (
				FA49EC4C1B8F1FF10097AE8B /* Weight_TrackerTests.swift */,
				FA49EC4E1B8F1FF10097AE8B /* Info.plist */,
			);
			path = "Weight TrackerTests";
			sourceTree = "<group>";
		};
		FA49EC561B8F1FF10097AE8B /* Weight TrackerUITests */ = {
			isa = PBXGroup;
			children = (
				FA49EC571B8F1FF10097AE8B /* Weight_TrackerUITests.swift */,
				FA49EC591B8F1FF10097AE8B /* Info.plist */,
			);
			path = "Weight TrackerUITests";
			sourceTree = "<group>";
		};
		FAF03EEE1C182E9400D81656 /* External Libraries */ = {
			isa = PBXGroup;
			children = (
				FAF03EEF1C182EA700D81656 /* CorePlot.xcodeproj */,
			);
			name = "External Libraries";
			sourceTree = "<group>";
		};
		FAF03EF01C182EA700D81656 /* Products */ = {
			isa = PBXGroup;
			children = (
				FAF03EFD1C182EA700D81656 /* CorePlot.framework */,
				FAF03EFF1C182EA700D81656 /* UnitTests.xctest */,
				FAF03F011C182EA700D81656 /* CorePlot.framework */,
				FAF03F031C182EA700D81656 /* UnitTests iOS.xctest */,
				FAF03F051C182EA700D81656 /* libCorePlot-CocoaTouch.a */,
				FAF03F071C182EA700D81656 /* CorePlot-CocoaTouchTests.xctest */,
			);
			name = Products;
			sourceTree = "<group>";
		};
/* End PBXGroup section */

/* Begin PBXNativeTarget section */
		FA49EC381B8F1FF10097AE8B /* Weight Tracker */ = {
			isa = PBXNativeTarget;
			buildConfigurationList = FA49EC5C1B8F1FF10097AE8B /* Build configuration list for PBXNativeTarget "Weight Tracker" */;
			buildPhases = (
				FA49EC351B8F1FF10097AE8B /* Sources */,
				FA49EC361B8F1FF10097AE8B /* Frameworks */,
				FA49EC371B8F1FF10097AE8B /* Resources */,
			);
			buildRules = (
			);
			dependencies = (
				FAF03F0B1C182EB400D81656 /* PBXTargetDependency */,
			);
			name = "Weight Tracker";
			productName = "Weight Tracker";
			productReference = FA49EC391B8F1FF10097AE8B /* Weight Tracker.app */;
			productType = "com.apple.product-type.application";
		};
		FA49EC471B8F1FF10097AE8B /* Weight TrackerTests */ = {
			isa = PBXNativeTarget;
			buildConfigurationList = FA49EC5F1B8F1FF10097AE8B /* Build configuration list for PBXNativeTarget "Weight TrackerTests" */;
			buildPhases = (
				FA49EC441B8F1FF10097AE8B /* Sources */,
				FA49EC451B8F1FF10097AE8B /* Frameworks */,
				FA49EC461B8F1FF10097AE8B /* Resources */,
			);
			buildRules = (
			);
			dependencies = (
				FA49EC4A1B8F1FF10097AE8B /* PBXTargetDependency */,
			);
			name = "Weight TrackerTests";
			productName = "Weight TrackerTests";
			productReference = FA49EC481B8F1FF10097AE8B /* Weight TrackerTests.xctest */;
			productType = "com.apple.product-type.bundle.unit-test";
		};
		FA49EC521B8F1FF10097AE8B /* Weight TrackerUITests */ = {
			isa = PBXNativeTarget;
			buildConfigurationList = FA49EC621B8F1FF10097AE8B /* Build configuration list for PBXNativeTarget "Weight TrackerUITests" */;
			buildPhases = (
				FA49EC4F1B8F1FF10097AE8B /* Sources */,
				FA49EC501B8F1FF10097AE8B /* Frameworks */,
				FA49EC511B8F1FF10097AE8B /* Resources */,
			);
			buildRules = (
			);
			dependencies = (
				FA49EC551B8F1FF10097AE8B /* PBXTargetDependency */,
			);
			name = "Weight TrackerUITests";
			productName = "Weight TrackerUITests";
			productReference = FA49EC531B8F1FF10097AE8B /* Weight TrackerUITests.xctest */;
			productType = "com.apple.product-type.bundle.ui-testing";
		};
/* End PBXNativeTarget section */

/* Begin PBXProject section */
		FA49EC311B8F1FF10097AE8B /* Project object */ = {
			isa = PBXProject;
			attributes = {
				LastUpgradeCheck = 0700;
				ORGANIZATIONNAME = "Alex Potter";
				TargetAttributes = {
					FA49EC381B8F1FF10097AE8B = {
						CreatedOnToolsVersion = 7.0;
					};
					FA49EC471B8F1FF10097AE8B = {
						CreatedOnToolsVersion = 7.0;
						TestTargetID = FA49EC381B8F1FF10097AE8B;
					};
					FA49EC521B8F1FF10097AE8B = {
						CreatedOnToolsVersion = 7.0;
						TestTargetID = FA49EC381B8F1FF10097AE8B;
					};
				};
			};
			buildConfigurationList = FA49EC341B8F1FF10097AE8B /* Build configuration list for PBXProject "Weight Tracker" */;
			compatibilityVersion = "Xcode 3.2";
			developmentRegion = English;
			hasScannedForEncodings = 0;
			knownRegions = (
				en,
				Base,
			);
			mainGroup = FA49EC301B8F1FF10097AE8B;
			productRefGroup = FA49EC3A1B8F1FF10097AE8B /* Products */;
			projectDirPath = "";
			projectReferences = (
				{
					ProductGroup = FAF03EF01C182EA700D81656 /* Products */;
					ProjectRef = FAF03EEF1C182EA700D81656 /* CorePlot.xcodeproj */;
				},
			);
			projectRoot = "";
			targets = (
				FA49EC381B8F1FF10097AE8B /* Weight Tracker */,
				FA49EC471B8F1FF10097AE8B /* Weight TrackerTests */,
				FA49EC521B8F1FF10097AE8B /* Weight TrackerUITests */,
			);
		};
/* End PBXProject section */

/* Begin PBXReferenceProxy section */
		FAF03EFD1C182EA700D81656 /* CorePlot.framework */ = {
			isa = PBXReferenceProxy;
			fileType = wrapper.framework;
			path = CorePlot.framework;
			remoteRef = FAF03EFC1C182EA700D81656 /* PBXContainerItemProxy */;
			sourceTree = BUILT_PRODUCTS_DIR;
		};
		FAF03EFF1C182EA700D81656 /* UnitTests.xctest */ = {
			isa = PBXReferenceProxy;
			fileType = wrapper.cfbundle;
			path = UnitTests.xctest;
			remoteRef = FAF03EFE1C182EA700D81656 /* PBXContainerItemProxy */;
			sourceTree = BUILT_PRODUCTS_DIR;
		};
		FAF03F011C182EA700D81656 /* CorePlot.framework */ = {
			isa = PBXReferenceProxy;
			fileType = wrapper.framework;
			path = CorePlot.framework;
			remoteRef = FAF03F001C182EA700D81656 /* PBXContainerItemProxy */;
			sourceTree = BUILT_PRODUCTS_DIR;
		};
		FAF03F031C182EA700D81656 /* UnitTests iOS.xctest */ = {
			isa = PBXReferenceProxy;
			fileType = wrapper.cfbundle;
			path = "UnitTests iOS.xctest";
			remoteRef = FAF03F021C182EA700D81656 /* PBXContainerItemProxy */;
			sourceTree = BUILT_PRODUCTS_DIR;
		};
		FAF03F051C182EA700D81656 /* libCorePlot-CocoaTouch.a */ = {
			isa = PBXReferenceProxy;
			fileType = archive.ar;
			path = "libCorePlot-CocoaTouch.a";
			remoteRef = FAF03F041C182EA700D81656 /* PBXContainerItemProxy */;
			sourceTree = BUILT_PRODUCTS_DIR;
		};
		FAF03F071C182EA700D81656 /* CorePlot-CocoaTouchTests.xctest */ = {
			isa = PBXReferenceProxy;
			fileType = wrapper.cfbundle;
			path = "CorePlot-CocoaTouchTests.xctest";
			remoteRef = FAF03F061C182EA700D81656 /* PBXContainerItemProxy */;
			sourceTree = BUILT_PRODUCTS_DIR;
		};
/* End PBXReferenceProxy section */

/* Begin PBXResourcesBuildPhase section */
		FA49EC371B8F1FF10097AE8B /* Resources */ = {
			isa = PBXResourcesBuildPhase;
			buildActionMask = 2147483647;
			files = (
				FA49EC3F1B8F1FF10097AE8B /* Assets.xcassets in Resources */,
				FA49ECBB1B8F62020097AE8B /* NewUserWindow.xib in Resources */,
				FA19FC581BC08A2400A9220A /* PopoverEntryView.xib in Resources */,
				FA49ECBF1B8F73E80097AE8B /* MainWindow.xib in Resources */,
				FA49EC421B8F1FF10097AE8B /* MainMenu.xib in Resources */,
				FA06D7FF1BADCD0C00754846 /* SettingsWindow.xib in Resources */,
				FABBA4231B979AAE00206DCD /* InitialWindow.xib in Resources */,
			);
			runOnlyForDeploymentPostprocessing = 0;
		};
		FA49EC461B8F1FF10097AE8B /* Resources */ = {
			isa = PBXResourcesBuildPhase;
			buildActionMask = 2147483647;
			files = (
			);
			runOnlyForDeploymentPostprocessing = 0;
		};
		FA49EC511B8F1FF10097AE8B /* Resources */ = {
			isa = PBXResourcesBuildPhase;
			buildActionMask = 2147483647;
			files = (
			);
			runOnlyForDeploymentPostprocessing = 0;
		};
/* End PBXResourcesBuildPhase section */

/* Begin PBXSourcesBuildPhase section */
		FA49EC351B8F1FF10097AE8B /* Sources */ = {
			isa = PBXSourcesBuildPhase;
			buildActionMask = 2147483647;
			files = (
				FAAB72D01BE8D16E001F5978 /* StatisticalAnalysis.swift in Sources */,
				FA49ECBA1B8F62020097AE8B /* NewUserWindowController.swift in Sources */,
				FA49EC3D1B8F1FF10097AE8B /* AppDelegate.swift in Sources */,
				FA19FC571BC08A2400A9220A /* PopoverEntryViewController.swift in Sources */,
				FA55B2071B9796A5006C4B0A /* InitialWindowController.swift in Sources */,
				FA6AC6391C19AD8A0003DC8D /* GraphDataSource.swift in Sources */,
				FA06D7FE1BADCD0C00754846 /* SettingsWindowController.swift in Sources */,
				FA49ECBE1B8F73E80097AE8B /* MainWindowController.swift in Sources */,
			);
			runOnlyForDeploymentPostprocessing = 0;
		};
		FA49EC441B8F1FF10097AE8B /* Sources */ = {
			isa = PBXSourcesBuildPhase;
			buildActionMask = 2147483647;
			files = (
				FAC731061C0230F5008E1BC8 /* InitialWindowController.swift in Sources */,
				FAC7310A1C023105008E1BC8 /* SettingsWindowController.swift in Sources */,
				FAC731071C0230F7008E1BC8 /* NewUserWindowController.swift in Sources */,
				FAC731091C023102008E1BC8 /* PopoverEntryViewController.swift in Sources */,
				FAC731051C0230ED008E1BC8 /* AppDelegate.swift in Sources */,
				FAC7310B1C023106008E1BC8 /* StatisticalAnalysis.swift in Sources */,
				FA4FBEC21C18412E006BB348 /* MainWindowController.swift in Sources */,
				FA49EC4D1B8F1FF10097AE8B /* Weight_TrackerTests.swift in Sources */,
				FA6AC63A1C19AD8A0003DC8D /* GraphDataSource.swift in Sources */,
			);
			runOnlyForDeploymentPostprocessing = 0;
		};
		FA49EC4F1B8F1FF10097AE8B /* Sources */ = {
			isa = PBXSourcesBuildPhase;
			buildActionMask = 2147483647;
			files = (
				FA49EC581B8F1FF10097AE8B /* Weight_TrackerUITests.swift in Sources */,
			);
			runOnlyForDeploymentPostprocessing = 0;
		};
/* End PBXSourcesBuildPhase section */

/* Begin PBXTargetDependency section */
		FA49EC4A1B8F1FF10097AE8B /* PBXTargetDependency */ = {
			isa = PBXTargetDependency;
			target = FA49EC381B8F1FF10097AE8B /* Weight Tracker */;
			targetProxy = FA49EC491B8F1FF10097AE8B /* PBXContainerItemProxy */;
		};
		FA49EC551B8F1FF10097AE8B /* PBXTargetDependency */ = {
			isa = PBXTargetDependency;
			target = FA49EC381B8F1FF10097AE8B /* Weight Tracker */;
			targetProxy = FA49EC541B8F1FF10097AE8B /* PBXContainerItemProxy */;
		};
		FAF03F0B1C182EB400D81656 /* PBXTargetDependency */ = {
			isa = PBXTargetDependency;
			name = "CorePlot Mac";
			targetProxy = FAF03F0A1C182EB400D81656 /* PBXContainerItemProxy */;
		};
/* End PBXTargetDependency section */

/* Begin PBXVariantGroup section */
		FA49EC401B8F1FF10097AE8B /* MainMenu.xib */ = {
			isa = PBXVariantGroup;
			children = (
				FA49EC411B8F1FF10097AE8B /* Base */,
			);
			name = MainMenu.xib;
			sourceTree = "<group>";
		};
/* End PBXVariantGroup section */

/* Begin XCBuildConfiguration section */
		FA49EC5A1B8F1FF10097AE8B /* Debug */ = {
			isa = XCBuildConfiguration;
			buildSettings = {
				ALWAYS_SEARCH_USER_PATHS = NO;
				CLANG_CXX_LANGUAGE_STANDARD = "gnu++0x";
				CLANG_CXX_LIBRARY = "libc++";
				CLANG_ENABLE_MODULES = YES;
				CLANG_ENABLE_OBJC_ARC = YES;
				CLANG_WARN_BOOL_CONVERSION = YES;
				CLANG_WARN_CONSTANT_CONVERSION = YES;
				CLANG_WARN_DIRECT_OBJC_ISA_USAGE = YES_ERROR;
				CLANG_WARN_EMPTY_BODY = YES;
				CLANG_WARN_ENUM_CONVERSION = YES;
				CLANG_WARN_INT_CONVERSION = YES;
				CLANG_WARN_OBJC_ROOT_CLASS = YES_ERROR;
				CLANG_WARN_UNREACHABLE_CODE = YES;
				CLANG_WARN__DUPLICATE_METHOD_MATCH = YES;
				CODE_SIGN_IDENTITY = "-";
				COPY_PHASE_STRIP = NO;
				DEBUG_INFORMATION_FORMAT = dwarf;
				ENABLE_STRICT_OBJC_MSGSEND = YES;
				ENABLE_TESTABILITY = YES;
				GCC_C_LANGUAGE_STANDARD = gnu99;
				GCC_DYNAMIC_NO_PIC = NO;
				GCC_NO_COMMON_BLOCKS = YES;
				GCC_OPTIMIZATION_LEVEL = fast;
				GCC_PREPROCESSOR_DEFINITIONS = (
					"DEBUG=1",
					"$(inherited)",
				);
				GCC_WARN_64_TO_32_BIT_CONVERSION = YES;
				GCC_WARN_ABOUT_RETURN_TYPE = YES_ERROR;
				GCC_WARN_UNDECLARED_SELECTOR = YES;
				GCC_WARN_UNINITIALIZED_AUTOS = YES_AGGRESSIVE;
				GCC_WARN_UNUSED_FUNCTION = YES;
				GCC_WARN_UNUSED_VARIABLE = YES;
				MACOSX_DEPLOYMENT_TARGET = 10.11;
				MTL_ENABLE_DEBUG_INFO = YES;
				ONLY_ACTIVE_ARCH = YES;
				SDKROOT = macosx;
				SWIFT_OPTIMIZATION_LEVEL = "-Onone";
			};
			name = Debug;
		};
		FA49EC5B1B8F1FF10097AE8B /* Release */ = {
			isa = XCBuildConfiguration;
			buildSettings = {
				ALWAYS_SEARCH_USER_PATHS = NO;
				CLANG_CXX_LANGUAGE_STANDARD = "gnu++0x";
				CLANG_CXX_LIBRARY = "libc++";
				CLANG_ENABLE_MODULES = YES;
				CLANG_ENABLE_OBJC_ARC = YES;
				CLANG_WARN_BOOL_CONVERSION = YES;
				CLANG_WARN_CONSTANT_CONVERSION = YES;
				CLANG_WARN_DIRECT_OBJC_ISA_USAGE = YES_ERROR;
				CLANG_WARN_EMPTY_BODY = YES;
				CLANG_WARN_ENUM_CONVERSION = YES;
				CLANG_WARN_INT_CONVERSION = YES;
				CLANG_WARN_OBJC_ROOT_CLASS = YES_ERROR;
				CLANG_WARN_UNREACHABLE_CODE = YES;
				CLANG_WARN__DUPLICATE_METHOD_MATCH = YES;
				CODE_SIGN_IDENTITY = "-";
				COPY_PHASE_STRIP = NO;
				DEBUG_INFORMATION_FORMAT = "dwarf-with-dsym";
				ENABLE_NS_ASSERTIONS = NO;
				ENABLE_STRICT_OBJC_MSGSEND = YES;
				GCC_C_LANGUAGE_STANDARD = gnu99;
				GCC_NO_COMMON_BLOCKS = YES;
				GCC_WARN_64_TO_32_BIT_CONVERSION = YES;
				GCC_WARN_ABOUT_RETURN_TYPE = YES_ERROR;
				GCC_WARN_UNDECLARED_SELECTOR = YES;
				GCC_WARN_UNINITIALIZED_AUTOS = YES_AGGRESSIVE;
				GCC_WARN_UNUSED_FUNCTION = YES;
				GCC_WARN_UNUSED_VARIABLE = YES;
				MACOSX_DEPLOYMENT_TARGET = 10.11;
				MTL_ENABLE_DEBUG_INFO = NO;
				SDKROOT = macosx;
			};
			name = Release;
		};
		FA49EC5D1B8F1FF10097AE8B /* Debug */ = {
			isa = XCBuildConfiguration;
			buildSettings = {
				ALWAYS_SEARCH_USER_PATHS = YES;
				ASSETCATALOG_COMPILER_APPICON_NAME = AppIcon;
				CLANG_USE_OPTIMIZATION_PROFILE = YES;
				COMBINE_HIDPI_IMAGES = YES;
				HEADER_SEARCH_PATHS = "\"$(SRCROOT)/External Libraries/CorePlot_2.0r1/Source/framework\"/**";
				INFOPLIST_FILE = "Weight Tracker/Info.plist";
				LD_RUNPATH_SEARCH_PATHS = "$(inherited) @executable_path/../Frameworks";
				MACOSX_DEPLOYMENT_TARGET = 10.9;
				OTHER_LDFLAGS = "-ObjC";
				PRODUCT_BUNDLE_IDENTIFIER = "AlexPotter.Weight-Tracker";
				PRODUCT_NAME = "$(TARGET_NAME)";
				SWIFT_OBJC_BRIDGING_HEADER = "./Weight Tracker/Weight_Tracker_Bridging_Header.h";
			};
			name = Debug;
		};
		FA49EC5E1B8F1FF10097AE8B /* Release */ = {
			isa = XCBuildConfiguration;
			buildSettings = {
				ALWAYS_SEARCH_USER_PATHS = YES;
				ASSETCATALOG_COMPILER_APPICON_NAME = AppIcon;
				CLANG_USE_OPTIMIZATION_PROFILE = YES;
				COMBINE_HIDPI_IMAGES = YES;
				HEADER_SEARCH_PATHS = "\"$(SRCROOT)/External Libraries/CorePlot_2.0r1/Source/framework\"/**";
				INFOPLIST_FILE = "Weight Tracker/Info.plist";
				LD_RUNPATH_SEARCH_PATHS = "$(inherited) @executable_path/../Frameworks";
				MACOSX_DEPLOYMENT_TARGET = 10.9;
				OTHER_LDFLAGS = "-ObjC";
				PRODUCT_BUNDLE_IDENTIFIER = "AlexPotter.Weight-Tracker";
				PRODUCT_NAME = "$(TARGET_NAME)";
				SWIFT_OBJC_BRIDGING_HEADER = "./Weight Tracker/Weight_Tracker_Bridging_Header.h";
				SWIFT_OPTIMIZATION_LEVEL = "-Owholemodule";
			};
			name = Release;
		};
		FA49EC601B8F1FF10097AE8B /* Debug */ = {
			isa = XCBuildConfiguration;
			buildSettings = {
				BUNDLE_LOADER = "$(TEST_HOST)";
				COMBINE_HIDPI_IMAGES = YES;
				INFOPLIST_FILE = "Weight TrackerTests/Info.plist";
				LD_RUNPATH_SEARCH_PATHS = "$(inherited) @executable_path/../Frameworks @loader_path/../Frameworks";
				PRODUCT_BUNDLE_IDENTIFIER = "AlexPotter.Weight-TrackerTests";
				PRODUCT_NAME = "$(TARGET_NAME)";
				SWIFT_OBJC_BRIDGING_HEADER = "./Weight Tracker/Weight_Tracker_Bridging_Header.h";
				TEST_HOST = "$(BUILT_PRODUCTS_DIR)/Weight Tracker.app/Contents/MacOS/Weight Tracker";
			};
			name = Debug;
		};
		FA49EC611B8F1FF10097AE8B /* Release */ = {
			isa = XCBuildConfiguration;
			buildSettings = {
				BUNDLE_LOADER = "$(TEST_HOST)";
				COMBINE_HIDPI_IMAGES = YES;
				INFOPLIST_FILE = "Weight TrackerTests/Info.plist";
				LD_RUNPATH_SEARCH_PATHS = "$(inherited) @executable_path/../Frameworks @loader_path/../Frameworks";
				PRODUCT_BUNDLE_IDENTIFIER = "AlexPotter.Weight-TrackerTests";
				PRODUCT_NAME = "$(TARGET_NAME)";
				SWIFT_OBJC_BRIDGING_HEADER = "./Weight Tracker/Weight_Tracker_Bridging_Header.h";
				TEST_HOST = "$(BUILT_PRODUCTS_DIR)/Weight Tracker.app/Contents/MacOS/Weight Tracker";
			};
			name = Release;
		};
		FA49EC631B8F1FF10097AE8B /* Debug */ = {
			isa = XCBuildConfiguration;
			buildSettings = {
				COMBINE_HIDPI_IMAGES = YES;
				INFOPLIST_FILE = "Weight TrackerUITests/Info.plist";
				LD_RUNPATH_SEARCH_PATHS = "$(inherited) @executable_path/../Frameworks @loader_path/../Frameworks";
				PRODUCT_BUNDLE_IDENTIFIER = "AlexPotter.Weight-TrackerUITests";
				PRODUCT_NAME = "$(TARGET_NAME)";
				SWIFT_OBJC_BRIDGING_HEADER = "./Weight Tracker/Weight_Tracker_Bridging_Header.h";
				TEST_TARGET_NAME = "Weight Tracker";
				USES_XCTRUNNER = YES;
			};
			name = Debug;
		};
		FA49EC641B8F1FF10097AE8B /* Release */ = {
			isa = XCBuildConfiguration;
			buildSettings = {
				COMBINE_HIDPI_IMAGES = YES;
				INFOPLIST_FILE = "Weight TrackerUITests/Info.plist";
				LD_RUNPATH_SEARCH_PATHS = "$(inherited) @executable_path/../Frameworks @loader_path/../Frameworks";
				PRODUCT_BUNDLE_IDENTIFIER = "AlexPotter.Weight-TrackerUITests";
				PRODUCT_NAME = "$(TARGET_NAME)";
				SWIFT_OBJC_BRIDGING_HEADER = "./Weight Tracker/Weight_Tracker_Bridging_Header.h";
				TEST_TARGET_NAME = "Weight Tracker";
				USES_XCTRUNNER = YES;
			};
			name = Release;
		};
/* End XCBuildConfiguration section */

/* Begin XCConfigurationList section */
		FA49EC341B8F1FF10097AE8B /* Build configuration list for PBXProject "Weight Tracker" */ = {
			isa = XCConfigurationList;
			buildConfigurations = (
				FA49EC5A1B8F1FF10097AE8B /* Debug */,
				FA49EC5B1B8F1FF10097AE8B /* Release */,
			);
			defaultConfigurationIsVisible = 0;
			defaultConfigurationName = Release;
		};
		FA49EC5C1B8F1FF10097AE8B /* Build configuration list for PBXNativeTarget "Weight Tracker" */ = {
			isa = XCConfigurationList;
			buildConfigurations = (
				FA49EC5D1B8F1FF10097AE8B /* Debug */,
				FA49EC5E1B8F1FF10097AE8B /* Release */,
			);
			defaultConfigurationIsVisible = 0;
			defaultConfigurationName = Release;
		};
		FA49EC5F1B8F1FF10097AE8B /* Build configuration list for PBXNativeTarget "Weight TrackerTests" */ = {
			isa = XCConfigurationList;
			buildConfigurations = (
				FA49EC601B8F1FF10097AE8B /* Debug */,
				FA49EC611B8F1FF10097AE8B /* Release */,
			);
			defaultConfigurationIsVisible = 0;
			defaultConfigurationName = Release;
		};
		FA49EC621B8F1FF10097AE8B /* Build configuration list for PBXNativeTarget "Weight TrackerUITests" */ = {
			isa = XCConfigurationList;
			buildConfigurations = (
				FA49EC631B8F1FF10097AE8B /* Debug */,
				FA49EC641B8F1FF10097AE8B /* Release */,
			);
			defaultConfigurationIsVisible = 0;
			defaultConfigurationName = Release;
		};
/* End XCConfigurationList section */
	};
	rootObject = FA49EC311B8F1FF10097AE8B /* Project object */;
}
