// !$*UTF8*$!
{
	archiveVersion = 1;
	classes = {
	};
	objectVersion = 47;
	objects = {

/* Begin PBXBuildFile section */
		FA06D7FE1BADCD0C00754846 /* SettingsWindowController.swift in Sources */ = {isa = PBXBuildFile; fileRef = FA06D7FC1BADCD0C00754846 /* SettingsWindowController.swift */; settings = {ASSET_TAGS = (); }; };
		FA06D7FF1BADCD0C00754846 /* SettingsWindow.xib in Resources */ = {isa = PBXBuildFile; fileRef = FA06D7FD1BADCD0C00754846 /* SettingsWindow.xib */; settings = {ASSET_TAGS = (); }; };
		FA19FC571BC08A2400A9220A /* PopoverEntryViewController.swift in Sources */ = {isa = PBXBuildFile; fileRef = FA19FC551BC08A2400A9220A /* PopoverEntryViewController.swift */; settings = {ASSET_TAGS = (); }; };
		FA19FC581BC08A2400A9220A /* PopoverEntryView.xib in Resources */ = {isa = PBXBuildFile; fileRef = FA19FC561BC08A2400A9220A /* PopoverEntryView.xib */; settings = {ASSET_TAGS = (); }; };
		FA49EC3D1B8F1FF10097AE8B /* AppDelegate.swift in Sources */ = {isa = PBXBuildFile; fileRef = FA49EC3C1B8F1FF10097AE8B /* AppDelegate.swift */; };
		FA49EC3F1B8F1FF10097AE8B /* Assets.xcassets in Resources */ = {isa = PBXBuildFile; fileRef = FA49EC3E1B8F1FF10097AE8B /* Assets.xcassets */; };
		FA49EC421B8F1FF10097AE8B /* MainMenu.xib in Resources */ = {isa = PBXBuildFile; fileRef = FA49EC401B8F1FF10097AE8B /* MainMenu.xib */; };
		FA49ECBA1B8F62020097AE8B /* NewUserWindowController.swift in Sources */ = {isa = PBXBuildFile; fileRef = FA49ECB81B8F62020097AE8B /* NewUserWindowController.swift */; settings = {ASSET_TAGS = (); }; };
		FA49ECBB1B8F62020097AE8B /* NewUserWindow.xib in Resources */ = {isa = PBXBuildFile; fileRef = FA49ECB91B8F62020097AE8B /* NewUserWindow.xib */; settings = {ASSET_TAGS = (); }; };
		FA49ECBE1B8F73E80097AE8B /* MainWindowController.swift in Sources */ = {isa = PBXBuildFile; fileRef = FA49ECBC1B8F73E80097AE8B /* MainWindowController.swift */; settings = {ASSET_TAGS = (); }; };
		FA49ECBF1B8F73E80097AE8B /* MainWindow.xib in Resources */ = {isa = PBXBuildFile; fileRef = FA49ECBD1B8F73E80097AE8B /* MainWindow.xib */; settings = {ASSET_TAGS = (); }; };
		FAAB72D01BE8D16E001F5978 /* StatisticalAnalysis.swift in Sources */ = {isa = PBXBuildFile; fileRef = FAAB72CF1BE8D16E001F5978 /* StatisticalAnalysis.swift */; settings = {ASSET_TAGS = (); }; };
		FAAC5F941C015F3800065615 /* InitialWindowController.swift in Sources */ = {isa = PBXBuildFile; fileRef = FA55B2051B9796A5006C4B0A /* InitialWindowController.swift */; settings = {ASSET_TAGS = (); }; };
		FABBA4231B979AAE00206DCD /* InitialWindow.xib in Resources */ = {isa = PBXBuildFile; fileRef = FABBA4211B979AAE00206DCD /* InitialWindow.xib */; settings = {ASSET_TAGS = (); }; };
		FADA5D901C016AA1000CA9A2 /* Weight_TrackerUITests.swift in Sources */ = {isa = PBXBuildFile; fileRef = FADA5D8F1C016AA1000CA9A2 /* Weight_TrackerUITests.swift */; };
		FADE26DC1C012D7700A2AC09 /* Weight_TrackerTests.swift in Sources */ = {isa = PBXBuildFile; fileRef = FADE26DB1C012D7700A2AC09 /* Weight_TrackerTests.swift */; };
/* End PBXBuildFile section */

/* Begin PBXContainerItemProxy section */
		FADA5D921C016AA1000CA9A2 /* PBXContainerItemProxy */ = {
			isa = PBXContainerItemProxy;
			containerPortal = FA49EC311B8F1FF10097AE8B /* Project object */;
			proxyType = 1;
			remoteGlobalIDString = FA49EC381B8F1FF10097AE8B;
			remoteInfo = "Weight Tracker";
		};
		FADE26DE1C012D7700A2AC09 /* PBXContainerItemProxy */ = {
			isa = PBXContainerItemProxy;
			containerPortal = FA49EC311B8F1FF10097AE8B /* Project object */;
			proxyType = 1;
			remoteGlobalIDString = FA49EC381B8F1FF10097AE8B;
			remoteInfo = "Weight Tracker";
		};
/* End PBXContainerItemProxy section */

/* Begin PBXFileReference section */
		FA06D7FC1BADCD0C00754846 /* SettingsWindowController.swift */ = {isa = PBXFileReference; fileEncoding = 4; lastKnownFileType = sourcecode.swift; path = SettingsWindowController.swift; sourceTree = "<group>"; };
		FA06D7FD1BADCD0C00754846 /* SettingsWindow.xib */ = {isa = PBXFileReference; fileEncoding = 4; lastKnownFileType = file.xib; path = SettingsWindow.xib; sourceTree = "<group>"; };
		FA19FC551BC08A2400A9220A /* PopoverEntryViewController.swift */ = {isa = PBXFileReference; fileEncoding = 4; lastKnownFileType = sourcecode.swift; path = PopoverEntryViewController.swift; sourceTree = "<group>"; };
		FA19FC561BC08A2400A9220A /* PopoverEntryView.xib */ = {isa = PBXFileReference; fileEncoding = 4; lastKnownFileType = file.xib; path = PopoverEntryView.xib; sourceTree = "<group>"; };
		FA49EC391B8F1FF10097AE8B /* Weight Tracker.app */ = {isa = PBXFileReference; explicitFileType = wrapper.application; includeInIndex = 0; path = "Weight Tracker.app"; sourceTree = BUILT_PRODUCTS_DIR; };
		FA49EC3C1B8F1FF10097AE8B /* AppDelegate.swift */ = {isa = PBXFileReference; lastKnownFileType = sourcecode.swift; path = AppDelegate.swift; sourceTree = "<group>"; };
		FA49EC3E1B8F1FF10097AE8B /* Assets.xcassets */ = {isa = PBXFileReference; lastKnownFileType = folder.assetcatalog; path = Assets.xcassets; sourceTree = "<group>"; };
		FA49EC411B8F1FF10097AE8B /* Base */ = {isa = PBXFileReference; lastKnownFileType = file.xib; name = Base; path = Base.lproj/MainMenu.xib; sourceTree = "<group>"; };
		FA49EC431B8F1FF10097AE8B /* Info.plist */ = {isa = PBXFileReference; lastKnownFileType = text.plist.xml; path = Info.plist; sourceTree = "<group>"; };
		FA49ECB81B8F62020097AE8B /* NewUserWindowController.swift */ = {isa = PBXFileReference; fileEncoding = 4; lastKnownFileType = sourcecode.swift; path = NewUserWindowController.swift; sourceTree = "<group>"; };
		FA49ECB91B8F62020097AE8B /* NewUserWindow.xib */ = {isa = PBXFileReference; fileEncoding = 4; lastKnownFileType = file.xib; path = NewUserWindow.xib; sourceTree = "<group>"; };
		FA49ECBC1B8F73E80097AE8B /* MainWindowController.swift */ = {isa = PBXFileReference; fileEncoding = 4; lastKnownFileType = sourcecode.swift; path = MainWindowController.swift; sourceTree = "<group>"; };
		FA49ECBD1B8F73E80097AE8B /* MainWindow.xib */ = {isa = PBXFileReference; fileEncoding = 4; lastKnownFileType = file.xib; path = MainWindow.xib; sourceTree = "<group>"; };
		FA55B2051B9796A5006C4B0A /* InitialWindowController.swift */ = {isa = PBXFileReference; fileEncoding = 4; lastKnownFileType = sourcecode.swift; path = InitialWindowController.swift; sourceTree = "<group>"; };
		FAAB72CF1BE8D16E001F5978 /* StatisticalAnalysis.swift */ = {isa = PBXFileReference; fileEncoding = 4; lastKnownFileType = sourcecode.swift; path = StatisticalAnalysis.swift; sourceTree = "<group>"; };
		FABBA4211B979AAE00206DCD /* InitialWindow.xib */ = {isa = PBXFileReference; fileEncoding = 4; lastKnownFileType = file.xib; path = InitialWindow.xib; sourceTree = "<group>"; };
		FADA5D8D1C016AA1000CA9A2 /* Weight_TrackerUITests.xctest */ = {isa = PBXFileReference; explicitFileType = wrapper.cfbundle; includeInIndex = 0; path = Weight_TrackerUITests.xctest; sourceTree = BUILT_PRODUCTS_DIR; };
		FADA5D8F1C016AA1000CA9A2 /* Weight_TrackerUITests.swift */ = {isa = PBXFileReference; lastKnownFileType = sourcecode.swift; path = Weight_TrackerUITests.swift; sourceTree = "<group>"; };
		FADA5D911C016AA1000CA9A2 /* Info.plist */ = {isa = PBXFileReference; lastKnownFileType = text.plist.xml; path = Info.plist; sourceTree = "<group>"; };
		FADE26D91C012D7700A2AC09 /* Weight_TrackerTests.xctest */ = {isa = PBXFileReference; explicitFileType = wrapper.cfbundle; includeInIndex = 0; path = Weight_TrackerTests.xctest; sourceTree = BUILT_PRODUCTS_DIR; };
		FADE26DB1C012D7700A2AC09 /* Weight_TrackerTests.swift */ = {isa = PBXFileReference; lastKnownFileType = sourcecode.swift; path = Weight_TrackerTests.swift; sourceTree = "<group>"; };
		FADE26DD1C012D7700A2AC09 /* Info.plist */ = {isa = PBXFileReference; lastKnownFileType = text.plist.xml; path = Info.plist; sourceTree = "<group>"; };
/* End PBXFileReference section */

/* Begin PBXFrameworksBuildPhase section */
		FA49EC361B8F1FF10097AE8B /* Frameworks */ = {
			isa = PBXFrameworksBuildPhase;
			buildActionMask = 2147483647;
			files = (
			);
			runOnlyForDeploymentPostprocessing = 0;
		};
		FADA5D8A1C016AA1000CA9A2 /* Frameworks */ = {
			isa = PBXFrameworksBuildPhase;
			buildActionMask = 2147483647;
			files = (
			);
			runOnlyForDeploymentPostprocessing = 0;
		};
		FADE26D61C012D7700A2AC09 /* Frameworks */ = {
			isa = PBXFrameworksBuildPhase;
			buildActionMask = 2147483647;
			files = (
			);
			runOnlyForDeploymentPostprocessing = 0;
		};
/* End PBXFrameworksBuildPhase section */

/* Begin PBXGroup section */
		FA49EC301B8F1FF10097AE8B = {
			isa = PBXGroup;
			children = (
				FA49EC3B1B8F1FF10097AE8B /* Weight Tracker */,
				FADE26DA1C012D7700A2AC09 /* Weight_TrackerTests */,
				FADA5D8E1C016AA1000CA9A2 /* Weight_TrackerUITests */,
				FA49EC3A1B8F1FF10097AE8B /* Products */,
			);
			sourceTree = "<group>";
		};
		FA49EC3A1B8F1FF10097AE8B /* Products */ = {
			isa = PBXGroup;
			children = (
				FA49EC391B8F1FF10097AE8B /* Weight Tracker.app */,
				FADE26D91C012D7700A2AC09 /* Weight_TrackerTests.xctest */,
				FADA5D8D1C016AA1000CA9A2 /* Weight_TrackerUITests.xctest */,
			);
			name = Products;
			sourceTree = "<group>";
		};
		FA49EC3B1B8F1FF10097AE8B /* Weight Tracker */ = {
			isa = PBXGroup;
			children = (
				FA49EC3C1B8F1FF10097AE8B /* AppDelegate.swift */,
				FA55B2051B9796A5006C4B0A /* InitialWindowController.swift */,
				FA49ECB81B8F62020097AE8B /* NewUserWindowController.swift */,
				FA49ECBC1B8F73E80097AE8B /* MainWindowController.swift */,
				FA19FC551BC08A2400A9220A /* PopoverEntryViewController.swift */,
				FA06D7FC1BADCD0C00754846 /* SettingsWindowController.swift */,
				FAAB72CF1BE8D16E001F5978 /* StatisticalAnalysis.swift */,
				FA49EC3E1B8F1FF10097AE8B /* Assets.xcassets */,
				FA49EC401B8F1FF10097AE8B /* MainMenu.xib */,
				FABBA4211B979AAE00206DCD /* InitialWindow.xib */,
				FA49ECB91B8F62020097AE8B /* NewUserWindow.xib */,
				FA49ECBD1B8F73E80097AE8B /* MainWindow.xib */,
				FA19FC561BC08A2400A9220A /* PopoverEntryView.xib */,
				FA06D7FD1BADCD0C00754846 /* SettingsWindow.xib */,
				FA49EC431B8F1FF10097AE8B /* Info.plist */,
			);
			path = "Weight Tracker";
			sourceTree = "<group>";
		};
		FADA5D8E1C016AA1000CA9A2 /* Weight_TrackerUITests */ = {
			isa = PBXGroup;
			children = (
				FADA5D8F1C016AA1000CA9A2 /* Weight_TrackerUITests.swift */,
				FADA5D911C016AA1000CA9A2 /* Info.plist */,
			);
			path = Weight_TrackerUITests;
			sourceTree = "<group>";
		};
		FADE26DA1C012D7700A2AC09 /* Weight_TrackerTests */ = {
			isa = PBXGroup;
			children = (
				FADE26DB1C012D7700A2AC09 /* Weight_TrackerTests.swift */,
				FADE26DD1C012D7700A2AC09 /* Info.plist */,
			);
			path = Weight_TrackerTests;
			sourceTree = "<group>";
		};
/* End PBXGroup section */

/* Begin PBXNativeTarget section */
		FA49EC381B8F1FF10097AE8B /* Weight Tracker */ = {
			isa = PBXNativeTarget;
			buildConfigurationList = FA49EC5C1B8F1FF10097AE8B /* Build configuration list for PBXNativeTarget "Weight Tracker" */;
			buildPhases = (
				FA49EC351B8F1FF10097AE8B /* Sources */,
				FA49EC361B8F1FF10097AE8B /* Frameworks */,
				FA49EC371B8F1FF10097AE8B /* Resources */,
			);
			buildRules = (
			);
			dependencies = (
			);
			name = "Weight Tracker";
			productName = "Weight Tracker";
			productReference = FA49EC391B8F1FF10097AE8B /* Weight Tracker.app */;
			productType = "com.apple.product-type.application";
		};
		FADA5D8C1C016AA1000CA9A2 /* Weight_TrackerUITests */ = {
			isa = PBXNativeTarget;
			buildConfigurationList = FADA5D941C016AA1000CA9A2 /* Build configuration list for PBXNativeTarget "Weight_TrackerUITests" */;
			buildPhases = (
				FADA5D891C016AA1000CA9A2 /* Sources */,
				FADA5D8A1C016AA1000CA9A2 /* Frameworks */,
				FADA5D8B1C016AA1000CA9A2 /* Resources */,
			);
			buildRules = (
			);
			dependencies = (
				FADA5D931C016AA1000CA9A2 /* PBXTargetDependency */,
			);
			name = Weight_TrackerUITests;
			productName = Weight_TrackerUITests;
			productReference = FADA5D8D1C016AA1000CA9A2 /* Weight_TrackerUITests.xctest */;
			productType = "com.apple.product-type.bundle.ui-testing";
		};
		FADE26D81C012D7700A2AC09 /* Weight_TrackerTests */ = {
			isa = PBXNativeTarget;
			buildConfigurationList = FADE26E01C012D7700A2AC09 /* Build configuration list for PBXNativeTarget "Weight_TrackerTests" */;
			buildPhases = (
				FADE26D51C012D7700A2AC09 /* Sources */,
				FADE26D61C012D7700A2AC09 /* Frameworks */,
				FADE26D71C012D7700A2AC09 /* Resources */,
			);
			buildRules = (
			);
			dependencies = (
				FADE26DF1C012D7700A2AC09 /* PBXTargetDependency */,
			);
			name = Weight_TrackerTests;
			productName = Weight_TrackerTests;
			productReference = FADE26D91C012D7700A2AC09 /* Weight_TrackerTests.xctest */;
			productType = "com.apple.product-type.bundle.unit-test";
		};
/* End PBXNativeTarget section */

/* Begin PBXProject section */
		FA49EC311B8F1FF10097AE8B /* Project object */ = {
			isa = PBXProject;
			attributes = {
				LastUpgradeCheck = 0700;
				ORGANIZATIONNAME = "Alex Potter";
				TargetAttributes = {
					FA49EC381B8F1FF10097AE8B = {
						CreatedOnToolsVersion = 7.0;
						DevelopmentTeam = P3B3T4PA87;
					};
					FADA5D8C1C016AA1000CA9A2 = {
						CreatedOnToolsVersion = 7.0;
						TestTargetID = FA49EC381B8F1FF10097AE8B;
					};
					FADE26D81C012D7700A2AC09 = {
						CreatedOnToolsVersion = 7.0;
						TestTargetID = FA49EC381B8F1FF10097AE8B;
					};
				};
			};
			buildConfigurationList = FA49EC341B8F1FF10097AE8B /* Build configuration list for PBXProject "Weight Tracker" */;
			compatibilityVersion = "Xcode 6.3";
			developmentRegion = English;
			hasScannedForEncodings = 0;
			knownRegions = (
				en,
				Base,
			);
			mainGroup = FA49EC301B8F1FF10097AE8B;
			productRefGroup = FA49EC3A1B8F1FF10097AE8B /* Products */;
			projectDirPath = "";
			projectRoot = "";
			targets = (
				FA49EC381B8F1FF10097AE8B /* Weight Tracker */,
				FADE26D81C012D7700A2AC09 /* Weight_TrackerTests */,
				FADA5D8C1C016AA1000CA9A2 /* Weight_TrackerUITests */,
			);
		};
/* End PBXProject section */

/* Begin PBXResourcesBuildPhase section */
		FA49EC371B8F1FF10097AE8B /* Resources */ = {
			isa = PBXResourcesBuildPhase;
			buildActionMask = 2147483647;
			files = (
				FA49EC3F1B8F1FF10097AE8B /* Assets.xcassets in Resources */,
				FA49ECBB1B8F62020097AE8B /* NewUserWindow.xib in Resources */,
				FA19FC581BC08A2400A9220A /* PopoverEntryView.xib in Resources */,
				FA49ECBF1B8F73E80097AE8B /* MainWindow.xib in Resources */,
				FA49EC421B8F1FF10097AE8B /* MainMenu.xib in Resources */,
				FA06D7FF1BADCD0C00754846 /* SettingsWindow.xib in Resources */,
				FABBA4231B979AAE00206DCD /* InitialWindow.xib in Resources */,
			);
			runOnlyForDeploymentPostprocessing = 0;
		};
		FADA5D8B1C016AA1000CA9A2 /* Resources */ = {
			isa = PBXResourcesBuildPhase;
			buildActionMask = 2147483647;
			files = (
			);
			runOnlyForDeploymentPostprocessing = 0;
		};
		FADE26D71C012D7700A2AC09 /* Resources */ = {
			isa = PBXResourcesBuildPhase;
			buildActionMask = 2147483647;
			files = (
			);
			runOnlyForDeploymentPostprocessing = 0;
		};
/* End PBXResourcesBuildPhase section */

/* Begin PBXSourcesBuildPhase section */
		FA49EC351B8F1FF10097AE8B /* Sources */ = {
			isa = PBXSourcesBuildPhase;
			buildActionMask = 2147483647;
			files = (
				FAAB72D01BE8D16E001F5978 /* StatisticalAnalysis.swift in Sources */,
				FA49ECBA1B8F62020097AE8B /* NewUserWindowController.swift in Sources */,
				FA49EC3D1B8F1FF10097AE8B /* AppDelegate.swift in Sources */,
				FA19FC571BC08A2400A9220A /* PopoverEntryViewController.swift in Sources */,
				FA06D7FE1BADCD0C00754846 /* SettingsWindowController.swift in Sources */,
				FAAC5F941C015F3800065615 /* InitialWindowController.swift in Sources */,
				FA49ECBE1B8F73E80097AE8B /* MainWindowController.swift in Sources */,
			);
			runOnlyForDeploymentPostprocessing = 0;
		};
		FADA5D891C016AA1000CA9A2 /* Sources */ = {
			isa = PBXSourcesBuildPhase;
			buildActionMask = 2147483647;
			files = (
				FADA5D901C016AA1000CA9A2 /* Weight_TrackerUITests.swift in Sources */,
			);
			runOnlyForDeploymentPostprocessing = 0;
		};
		FADE26D51C012D7700A2AC09 /* Sources */ = {
			isa = PBXSourcesBuildPhase;
			buildActionMask = 2147483647;
			files = (
				FADE26DC1C012D7700A2AC09 /* Weight_TrackerTests.swift in Sources */,
			);
			runOnlyForDeploymentPostprocessing = 0;
		};
/* End PBXSourcesBuildPhase section */

/* Begin PBXTargetDependency section */
		FADA5D931C016AA1000CA9A2 /* PBXTargetDependency */ = {
			isa = PBXTargetDependency;
			target = FA49EC381B8F1FF10097AE8B /* Weight Tracker */;
			targetProxy = FADA5D921C016AA1000CA9A2 /* PBXContainerItemProxy */;
		};
		FADE26DF1C012D7700A2AC09 /* PBXTargetDependency */ = {
			isa = PBXTargetDependency;
			target = FA49EC381B8F1FF10097AE8B /* Weight Tracker */;
			targetProxy = FADE26DE1C012D7700A2AC09 /* PBXContainerItemProxy */;
		};
/* End PBXTargetDependency section */

/* Begin PBXVariantGroup section */
		FA49EC401B8F1FF10097AE8B /* MainMenu.xib */ = {
			isa = PBXVariantGroup;
			children = (
				FA49EC411B8F1FF10097AE8B /* Base */,
			);
			name = MainMenu.xib;
			sourceTree = "<group>";
		};
/* End PBXVariantGroup section */

/* Begin XCBuildConfiguration section */
		FA49EC5A1B8F1FF10097AE8B /* Debug */ = {
			isa = XCBuildConfiguration;
			buildSettings = {
				ALWAYS_SEARCH_USER_PATHS = NO;
				CLANG_CXX_LANGUAGE_STANDARD = "gnu++0x";
				CLANG_CXX_LIBRARY = "libc++";
				CLANG_ENABLE_MODULES = YES;
				CLANG_ENABLE_OBJC_ARC = YES;
				CLANG_WARN_BOOL_CONVERSION = YES;
				CLANG_WARN_CONSTANT_CONVERSION = YES;
				CLANG_WARN_DIRECT_OBJC_ISA_USAGE = YES_ERROR;
				CLANG_WARN_EMPTY_BODY = YES;
				CLANG_WARN_ENUM_CONVERSION = YES;
				CLANG_WARN_INT_CONVERSION = YES;
				CLANG_WARN_OBJC_ROOT_CLASS = YES_ERROR;
				CLANG_WARN_UNREACHABLE_CODE = YES;
				CLANG_WARN__DUPLICATE_METHOD_MATCH = YES;
				CODE_SIGN_IDENTITY = "-";
				COPY_PHASE_STRIP = NO;
				DEBUG_INFORMATION_FORMAT = dwarf;
				ENABLE_STRICT_OBJC_MSGSEND = YES;
				ENABLE_TESTABILITY = YES;
				GCC_C_LANGUAGE_STANDARD = gnu99;
				GCC_DYNAMIC_NO_PIC = NO;
				GCC_NO_COMMON_BLOCKS = YES;
				GCC_OPTIMIZATION_LEVEL = 0;
				GCC_PREPROCESSOR_DEFINITIONS = (
					"DEBUG=1",
					"$(inherited)",
				);
				GCC_WARN_64_TO_32_BIT_CONVERSION = YES;
				GCC_WARN_ABOUT_RETURN_TYPE = YES_ERROR;
				GCC_WARN_UNDECLARED_SELECTOR = YES;
				GCC_WARN_UNINITIALIZED_AUTOS = YES_AGGRESSIVE;
				GCC_WARN_UNUSED_FUNCTION = YES;
				GCC_WARN_UNUSED_VARIABLE = YES;
				MACOSX_DEPLOYMENT_TARGET = 10.11;
				MTL_ENABLE_DEBUG_INFO = YES;
				ONLY_ACTIVE_ARCH = YES;
				SDKROOT = macosx;
				SWIFT_OPTIMIZATION_LEVEL = "-Onone";
			};
			name = Debug;
		};
		FA49EC5B1B8F1FF10097AE8B /* Release */ = {
			isa = XCBuildConfiguration;
			buildSettings = {
				ALWAYS_SEARCH_USER_PATHS = NO;
				CLANG_CXX_LANGUAGE_STANDARD = "gnu++0x";
				CLANG_CXX_LIBRARY = "libc++";
				CLANG_ENABLE_MODULES = YES;
				CLANG_ENABLE_OBJC_ARC = YES;
				CLANG_WARN_BOOL_CONVERSION = YES;
				CLANG_WARN_CONSTANT_CONVERSION = YES;
				CLANG_WARN_DIRECT_OBJC_ISA_USAGE = YES_ERROR;
				CLANG_WARN_EMPTY_BODY = YES;
				CLANG_WARN_ENUM_CONVERSION = YES;
				CLANG_WARN_INT_CONVERSION = YES;
				CLANG_WARN_OBJC_ROOT_CLASS = YES_ERROR;
				CLANG_WARN_UNREACHABLE_CODE = YES;
				CLANG_WARN__DUPLICATE_METHOD_MATCH = YES;
				CODE_SIGN_IDENTITY = "-";
				COPY_PHASE_STRIP = NO;
				DEBUG_INFORMATION_FORMAT = "dwarf-with-dsym";
				ENABLE_NS_ASSERTIONS = NO;
				ENABLE_STRICT_OBJC_MSGSEND = YES;
				GCC_C_LANGUAGE_STANDARD = gnu99;
				GCC_NO_COMMON_BLOCKS = YES;
				GCC_WARN_64_TO_32_BIT_CONVERSION = YES;
				GCC_WARN_ABOUT_RETURN_TYPE = YES_ERROR;
				GCC_WARN_UNDECLARED_SELECTOR = YES;
				GCC_WARN_UNINITIALIZED_AUTOS = YES_AGGRESSIVE;
				GCC_WARN_UNUSED_FUNCTION = YES;
				GCC_WARN_UNUSED_VARIABLE = YES;
				MACOSX_DEPLOYMENT_TARGET = 10.11;
				MTL_ENABLE_DEBUG_INFO = NO;
				SDKROOT = macosx;
			};
			name = Release;
		};
		FA49EC5D1B8F1FF10097AE8B /* Debug */ = {
			isa = XCBuildConfiguration;
			buildSettings = {
				ASSETCATALOG_COMPILER_APPICON_NAME = AppIcon;
				CLANG_USE_OPTIMIZATION_PROFILE = YES;
				CLANG_X86_VECTOR_INSTRUCTIONS = default;
				CODE_SIGN_IDENTITY = "";
				COMBINE_HIDPI_IMAGES = YES;
				GCC_OPTIMIZATION_LEVEL = fast;
				INFOPLIST_FILE = "Weight Tracker/Info.plist";
				LD_RUNPATH_SEARCH_PATHS = "$(inherited) @executable_path/../Frameworks";
				MACOSX_DEPLOYMENT_TARGET = 10.9;
				PRODUCT_BUNDLE_IDENTIFIER = "AlexPotter.Weight-Tracker";
				PRODUCT_NAME = "$(TARGET_NAME)";
				SWIFT_OPTIMIZATION_LEVEL = "-Owholemodule";
			};
			name = Debug;
		};
		FA49EC5E1B8F1FF10097AE8B /* Release */ = {
			isa = XCBuildConfiguration;
			buildSettings = {
				ASSETCATALOG_COMPILER_APPICON_NAME = AppIcon;
				CLANG_USE_OPTIMIZATION_PROFILE = YES;
				CLANG_X86_VECTOR_INSTRUCTIONS = default;
				CODE_SIGN_IDENTITY = "";
				COMBINE_HIDPI_IMAGES = YES;
				GCC_OPTIMIZATION_LEVEL = fast;
				INFOPLIST_FILE = "Weight Tracker/Info.plist";
				LD_RUNPATH_SEARCH_PATHS = "$(inherited) @executable_path/../Frameworks";
				MACOSX_DEPLOYMENT_TARGET = 10.9;
				PRODUCT_BUNDLE_IDENTIFIER = "AlexPotter.Weight-Tracker";
				PRODUCT_NAME = "$(TARGET_NAME)";
				SWIFT_OPTIMIZATION_LEVEL = "-Owholemodule";
			};
			name = Release;
		};
		FADA5D951C016AA1000CA9A2 /* Debug */ = {
			isa = XCBuildConfiguration;
			buildSettings = {
				COMBINE_HIDPI_IMAGES = YES;
				INFOPLIST_FILE = Weight_TrackerUITests/Info.plist;
				LD_RUNPATH_SEARCH_PATHS = "$(inherited) @executable_path/../Frameworks @loader_path/../Frameworks";
				PRODUCT_BUNDLE_IDENTIFIER = "AlexPotter.Weight-TrackerUITests";
				PRODUCT_NAME = "$(TARGET_NAME)";
				TEST_TARGET_NAME = "Weight Tracker";
				USES_XCTRUNNER = YES;
			};
			name = Debug;
		};
		FADA5D961C016AA1000CA9A2 /* Release */ = {
			isa = XCBuildConfiguration;
			buildSettings = {
				COMBINE_HIDPI_IMAGES = YES;
				INFOPLIST_FILE = Weight_TrackerUITests/Info.plist;
				LD_RUNPATH_SEARCH_PATHS = "$(inherited) @executable_path/../Frameworks @loader_path/../Frameworks";
				PRODUCT_BUNDLE_IDENTIFIER = "AlexPotter.Weight-TrackerUITests";
				PRODUCT_NAME = "$(TARGET_NAME)";
				TEST_TARGET_NAME = "Weight Tracker";
				USES_XCTRUNNER = YES;
			};
			name = Release;
		};
		FADE26E11C012D7700A2AC09 /* Debug */ = {
			isa = XCBuildConfiguration;
			buildSettings = {
				BUNDLE_LOADER = "$(TEST_HOST)";
				COMBINE_HIDPI_IMAGES = YES;
				INFOPLIST_FILE = Weight_TrackerTests/Info.plist;
				LD_RUNPATH_SEARCH_PATHS = "$(inherited) @executable_path/../Frameworks @loader_path/../Frameworks";
				PRODUCT_BUNDLE_IDENTIFIER = "AlexPotter.Weight-TrackerTests";
				PRODUCT_NAME = "$(TARGET_NAME)";
				TEST_HOST = "$(BUILT_PRODUCTS_DIR)/Weight Tracker.app/Contents/MacOS/Weight Tracker";
			};
			name = Debug;
		};
		FADE26E21C012D7700A2AC09 /* Release */ = {
			isa = XCBuildConfiguration;
			buildSettings = {
				BUNDLE_LOADER = "$(TEST_HOST)";
				COMBINE_HIDPI_IMAGES = YES;
				INFOPLIST_FILE = Weight_TrackerTests/Info.plist;
				LD_RUNPATH_SEARCH_PATHS = "$(inherited) @executable_path/../Frameworks @loader_path/../Frameworks";
				PRODUCT_BUNDLE_IDENTIFIER = "AlexPotter.Weight-TrackerTests";
				PRODUCT_NAME = "$(TARGET_NAME)";
				TEST_HOST = "$(BUILT_PRODUCTS_DIR)/Weight Tracker.app/Contents/MacOS/Weight Tracker";
			};
			name = Release;
		};
/* End XCBuildConfiguration section */

/* Begin XCConfigurationList section */
		FA49EC341B8F1FF10097AE8B /* Build configuration list for PBXProject "Weight Tracker" */ = {
			isa = XCConfigurationList;
			buildConfigurations = (
				FA49EC5A1B8F1FF10097AE8B /* Debug */,
				FA49EC5B1B8F1FF10097AE8B /* Release */,
			);
			defaultConfigurationIsVisible = 0;
			defaultConfigurationName = Release;
		};
		FA49EC5C1B8F1FF10097AE8B /* Build configuration list for PBXNativeTarget "Weight Tracker" */ = {
			isa = XCConfigurationList;
			buildConfigurations = (
				FA49EC5D1B8F1FF10097AE8B /* Debug */,
				FA49EC5E1B8F1FF10097AE8B /* Release */,
			);
			defaultConfigurationIsVisible = 0;
			defaultConfigurationName = Release;
		};
		FADA5D941C016AA1000CA9A2 /* Build configuration list for PBXNativeTarget "Weight_TrackerUITests" */ = {
			isa = XCConfigurationList;
			buildConfigurations = (
				FADA5D951C016AA1000CA9A2 /* Debug */,
				FADA5D961C016AA1000CA9A2 /* Release */,
			);
			defaultConfigurationIsVisible = 0;
		};
		FADE26E01C012D7700A2AC09 /* Build configuration list for PBXNativeTarget "Weight_TrackerTests" */ = {
			isa = XCConfigurationList;
			buildConfigurations = (
				FADE26E11C012D7700A2AC09 /* Debug */,
				FADE26E21C012D7700A2AC09 /* Release */,
			);
			defaultConfigurationIsVisible = 0;
			defaultConfigurationName = Release;
		};
/* End XCConfigurationList section */
	};
	rootObject = FA49EC311B8F1FF10097AE8B /* Project object */;
}
